
Microsoft Visual Studio Solution File, Format Version 12.00
# Visual Studio Version 17
VisualStudioVersion = 17.4.33205.214
MinimumVisualStudioVersion = 10.0.40219.1
Project("{FAE04EC0-301F-11D3-BF4B-00C04F79EFBC}") = "windows-activator", "windows-activator\windows-activator.csproj", "{342C0602-BC5A-4CE7-89CC-2EA704B95399}"
EndProject
Global
	GlobalSection(SolutionConfigurationPlatforms) = preSolution
		Debug|Any CPU = Debug|Any CPU
		Release|Any CPU = Release|Any CPU
	EndGlobalSection
	GlobalSection(ProjectConfigurationPlatforms) = postSolution
		{342C0602-BC5A-4CE7-89CC-2EA704B95399}.Debug|Any CPU.ActiveCfg = Debug|Any CPU
		{342C0602-BC5A-4CE7-89CC-2EA704B95399}.Debug|Any CPU.Build.0 = Debug|Any CPU
		{342C0602-BC5A-4CE7-89CC-2EA704B95399}.Release|Any CPU.ActiveCfg = Release|Any CPU
		{342C0602-BC5A-4CE7-89CC-2EA704B95399}.Release|Any CPU.Build.0 = Release|Any CPU
	EndGlobalSection
	GlobalSection(SolutionProperties) = preSolution
		HideSolutionNode = FALSE
	EndGlobalSection
	GlobalSection(ExtensibilityGlobals) = postSolution
		SolutionGuid = {84117BA6-6C4E-41E8-A77A-16E8D09DAD66}
	EndGlobalSection
EndGlobal
